
Microsoft Visual Studio Solution File, Format Version 12.00
# Visual Studio Version 17
VisualStudioVersion = 17.4.33403.182
MinimumVisualStudioVersion = 10.0.40219.1
Project("{9A19103F-16F7-4668-BE54-9A1E7A4F7556}") = "MusicTest", "MusicTest\MusicTest.csproj", "{11C2B2C2-7CA2-4792-8FAD-4DD6D190CD82}"
EndProject
Project("{FAE04EC0-301F-11D3-BF4B-00C04F79EFBC}") = "MusicTest.CamelotSorter", "MusicTest.CamelotSorter\MusicTest.CamelotSorter.csproj", "{E054B5C6-C82C-476E-A312-1FD5103B849B}"
EndProject
Global
	GlobalSection(SolutionConfigurationPlatforms) = preSolution
		Debug|Any CPU = Debug|Any CPU
		Release|Any CPU = Release|Any CPU
	EndGlobalSection
	GlobalSection(ProjectConfigurationPlatforms) = postSolution
		{11C2B2C2-7CA2-4792-8FAD-4DD6D190CD82}.Debug|Any CPU.ActiveCfg = Debug|Any CPU
		{11C2B2C2-7CA2-4792-8FAD-4DD6D190CD82}.Debug|Any CPU.Build.0 = Debug|Any CPU
		{11C2B2C2-7CA2-4792-8FAD-4DD6D190CD82}.Release|Any CPU.ActiveCfg = Release|Any CPU
		{11C2B2C2-7CA2-4792-8FAD-4DD6D190CD82}.Release|Any CPU.Build.0 = Release|Any CPU
		{E054B5C6-C82C-476E-A312-1FD5103B849B}.Debug|Any CPU.ActiveCfg = Debug|Any CPU
		{E054B5C6-C82C-476E-A312-1FD5103B849B}.Debug|Any CPU.Build.0 = Debug|Any CPU
		{E054B5C6-C82C-476E-A312-1FD5103B849B}.Release|Any CPU.ActiveCfg = Release|Any CPU
		{E054B5C6-C82C-476E-A312-1FD5103B849B}.Release|Any CPU.Build.0 = Release|Any CPU
	EndGlobalSection
	GlobalSection(SolutionProperties) = preSolution
		HideSolutionNode = FALSE
	EndGlobalSection
	GlobalSection(ExtensibilityGlobals) = postSolution
		SolutionGuid = {B188C6CC-2AB4-4511-A7E9-7151C68D3DC0}
	EndGlobalSection
EndGlobal
